// !$*UTF8*$!
{
	archiveVersion = 1;
	classes = {
	};
	objectVersion = 48;
	objects = {

/* Begin PBXBuildFile section */
		7A286A88207E76EE00CC7301 /* RatingControl.swift in Sources */ = {isa = PBXBuildFile; fileRef = 7A286A87207E76EE00CC7301 /* RatingControl.swift */; };
		7A6D1396209A20F100CDD33D /* MealTableViewController.swift in Sources */ = {isa = PBXBuildFile; fileRef = 7A6D1395209A20F100CDD33D /* MealTableViewController.swift */; };
		7AB71CD6204DBE960040B5BF /* AppDelegate.swift in Sources */ = {isa = PBXBuildFile; fileRef = 7AB71CD5204DBE960040B5BF /* AppDelegate.swift */; };
		7AB71CD8204DBE970040B5BF /* MealViewController.swift in Sources */ = {isa = PBXBuildFile; fileRef = 7AB71CD7204DBE970040B5BF /* MealViewController.swift */; };
		7AB71CDB204DBE970040B5BF /* Main.storyboard in Resources */ = {isa = PBXBuildFile; fileRef = 7AB71CD9204DBE970040B5BF /* Main.storyboard */; };
		7AB71CDE204DBE970040B5BF /* FoodTracker.xcdatamodeld in Sources */ = {isa = PBXBuildFile; fileRef = 7AB71CDC204DBE970040B5BF /* FoodTracker.xcdatamodeld */; };
		7AB71CE0204DBE970040B5BF /* Assets.xcassets in Resources */ = {isa = PBXBuildFile; fileRef = 7AB71CDF204DBE970040B5BF /* Assets.xcassets */; };
		7AB71CE3204DBE970040B5BF /* LaunchScreen.storyboard in Resources */ = {isa = PBXBuildFile; fileRef = 7AB71CE1204DBE970040B5BF /* LaunchScreen.storyboard */; };
		7AB71CEE204DBE970040B5BF /* FoodTrackerTests.swift in Sources */ = {isa = PBXBuildFile; fileRef = 7AB71CED204DBE970040B5BF /* FoodTrackerTests.swift */; };
		7AB71CF9204DBE970040B5BF /* FoodTrackerUITests.swift in Sources */ = {isa = PBXBuildFile; fileRef = 7AB71CF8204DBE970040B5BF /* FoodTrackerUITests.swift */; };
		7AF5FD4D20977DAD00C7A025 /* Meal.swift in Sources */ = {isa = PBXBuildFile; fileRef = 7AF5FD4C20977DAD00C7A025 /* Meal.swift */; };
		7AF5FD4F2098D20D00C7A025 /* MealTableViewCell.swift in Sources */ = {isa = PBXBuildFile; fileRef = 7AF5FD4E2098D20D00C7A025 /* MealTableViewCell.swift */; };
/* End PBXBuildFile section */

/* Begin PBXContainerItemProxy section */
		7AB71CEA204DBE970040B5BF /* PBXContainerItemProxy */ = {
			isa = PBXContainerItemProxy;
			containerPortal = 7AB71CCA204DBE960040B5BF /* Project object */;
			proxyType = 1;
			remoteGlobalIDString = 7AB71CD1204DBE960040B5BF;
			remoteInfo = FoodTracker;
		};
		7AB71CF5204DBE970040B5BF /* PBXContainerItemProxy */ = {
			isa = PBXContainerItemProxy;
			containerPortal = 7AB71CCA204DBE960040B5BF /* Project object */;
			proxyType = 1;
			remoteGlobalIDString = 7AB71CD1204DBE960040B5BF;
			remoteInfo = FoodTracker;
		};
/* End PBXContainerItemProxy section */

/* Begin PBXFileReference section */
		7A286A87207E76EE00CC7301 /* RatingControl.swift */ = {isa = PBXFileReference; lastKnownFileType = sourcecode.swift; path = RatingControl.swift; sourceTree = "<group>"; };
		7A6D1395209A20F100CDD33D /* MealTableViewController.swift */ = {isa = PBXFileReference; lastKnownFileType = sourcecode.swift; path = MealTableViewController.swift; sourceTree = "<group>"; };
		7AB71CD2204DBE960040B5BF /* FoodTracker.app */ = {isa = PBXFileReference; explicitFileType = wrapper.application; includeInIndex = 0; path = FoodTracker.app; sourceTree = BUILT_PRODUCTS_DIR; };
		7AB71CD5204DBE960040B5BF /* AppDelegate.swift */ = {isa = PBXFileReference; lastKnownFileType = sourcecode.swift; path = AppDelegate.swift; sourceTree = "<group>"; };
		7AB71CD7204DBE970040B5BF /* MealViewController.swift */ = {isa = PBXFileReference; lastKnownFileType = sourcecode.swift; path = MealViewController.swift; sourceTree = "<group>"; };
		7AB71CDA204DBE970040B5BF /* Base */ = {isa = PBXFileReference; lastKnownFileType = file.storyboard; name = Base; path = Base.lproj/Main.storyboard; sourceTree = "<group>"; };
		7AB71CDD204DBE970040B5BF /* FoodTracker.xcdatamodel */ = {isa = PBXFileReference; lastKnownFileType = wrapper.xcdatamodel; path = FoodTracker.xcdatamodel; sourceTree = "<group>"; };
		7AB71CDF204DBE970040B5BF /* Assets.xcassets */ = {isa = PBXFileReference; lastKnownFileType = folder.assetcatalog; path = Assets.xcassets; sourceTree = "<group>"; };
		7AB71CE2204DBE970040B5BF /* Base */ = {isa = PBXFileReference; lastKnownFileType = file.storyboard; name = Base; path = Base.lproj/LaunchScreen.storyboard; sourceTree = "<group>"; };
		7AB71CE4204DBE970040B5BF /* Info.plist */ = {isa = PBXFileReference; lastKnownFileType = text.plist.xml; path = Info.plist; sourceTree = "<group>"; };
		7AB71CE9204DBE970040B5BF /* FoodTrackerTests.xctest */ = {isa = PBXFileReference; explicitFileType = wrapper.cfbundle; includeInIndex = 0; path = FoodTrackerTests.xctest; sourceTree = BUILT_PRODUCTS_DIR; };
		7AB71CED204DBE970040B5BF /* FoodTrackerTests.swift */ = {isa = PBXFileReference; lastKnownFileType = sourcecode.swift; path = FoodTrackerTests.swift; sourceTree = "<group>"; };
		7AB71CEF204DBE970040B5BF /* Info.plist */ = {isa = PBXFileReference; lastKnownFileType = text.plist.xml; path = Info.plist; sourceTree = "<group>"; };
		7AB71CF4204DBE970040B5BF /* FoodTrackerUITests.xctest */ = {isa = PBXFileReference; explicitFileType = wrapper.cfbundle; includeInIndex = 0; path = FoodTrackerUITests.xctest; sourceTree = BUILT_PRODUCTS_DIR; };
		7AB71CF8204DBE970040B5BF /* FoodTrackerUITests.swift */ = {isa = PBXFileReference; lastKnownFileType = sourcecode.swift; path = FoodTrackerUITests.swift; sourceTree = "<group>"; };
		7AB71CFA204DBE970040B5BF /* Info.plist */ = {isa = PBXFileReference; lastKnownFileType = text.plist.xml; path = Info.plist; sourceTree = "<group>"; };
		7AF5FD4C20977DAD00C7A025 /* Meal.swift */ = {isa = PBXFileReference; lastKnownFileType = sourcecode.swift; path = Meal.swift; sourceTree = "<group>"; };
		7AF5FD4E2098D20D00C7A025 /* MealTableViewCell.swift */ = {isa = PBXFileReference; lastKnownFileType = sourcecode.swift; path = MealTableViewCell.swift; sourceTree = "<group>"; };
/* End PBXFileReference section */

/* Begin PBXFrameworksBuildPhase section */
		7AB71CCF204DBE960040B5BF /* Frameworks */ = {
			isa = PBXFrameworksBuildPhase;
			buildActionMask = 2147483647;
			files = (
			);
			runOnlyForDeploymentPostprocessing = 0;
		};
		7AB71CE6204DBE970040B5BF /* Frameworks */ = {
			isa = PBXFrameworksBuildPhase;
			buildActionMask = 2147483647;
			files = (
			);
			runOnlyForDeploymentPostprocessing = 0;
		};
		7AB71CF1204DBE970040B5BF /* Frameworks */ = {
			isa = PBXFrameworksBuildPhase;
			buildActionMask = 2147483647;
			files = (
			);
			runOnlyForDeploymentPostprocessing = 0;
		};
/* End PBXFrameworksBuildPhase section */

/* Begin PBXGroup section */
		7AB71CC9204DBE960040B5BF = {
			isa = PBXGroup;
			children = (
				7AB71CD4204DBE960040B5BF /* FoodTracker */,
				7AB71CEC204DBE970040B5BF /* FoodTrackerTests */,
				7AB71CF7204DBE970040B5BF /* FoodTrackerUITests */,
				7AB71CD3204DBE960040B5BF /* Products */,
			);
			sourceTree = "<group>";
		};
		7AB71CD3204DBE960040B5BF /* Products */ = {
			isa = PBXGroup;
			children = (
				7AB71CD2204DBE960040B5BF /* FoodTracker.app */,
				7AB71CE9204DBE970040B5BF /* FoodTrackerTests.xctest */,
				7AB71CF4204DBE970040B5BF /* FoodTrackerUITests.xctest */,
			);
			name = Products;
			sourceTree = "<group>";
		};
		7AB71CD4204DBE960040B5BF /* FoodTracker */ = {
			isa = PBXGroup;
			children = (
				7AB71CD5204DBE960040B5BF /* AppDelegate.swift */,
				7AB71CD7204DBE970040B5BF /* MealViewController.swift */,
				7AF5FD4E2098D20D00C7A025 /* MealTableViewCell.swift */,
				7A6D1395209A20F100CDD33D /* MealTableViewController.swift */,
				7AF5FD4C20977DAD00C7A025 /* Meal.swift */,
				7A286A87207E76EE00CC7301 /* RatingControl.swift */,
				7AB71CD9204DBE970040B5BF /* Main.storyboard */,
				7AB71CDF204DBE970040B5BF /* Assets.xcassets */,
				7AB71CE1204DBE970040B5BF /* LaunchScreen.storyboard */,
				7AB71CE4204DBE970040B5BF /* Info.plist */,
				7AB71CDC204DBE970040B5BF /* FoodTracker.xcdatamodeld */,
			);
			path = FoodTracker;
			sourceTree = "<group>";
		};
		7AB71CEC204DBE970040B5BF /* FoodTrackerTests */ = {
			isa = PBXGroup;
			children = (
				7AB71CED204DBE970040B5BF /* FoodTrackerTests.swift */,
				7AB71CEF204DBE970040B5BF /* Info.plist */,
			);
			path = FoodTrackerTests;
			sourceTree = "<group>";
		};
		7AB71CF7204DBE970040B5BF /* FoodTrackerUITests */ = {
			isa = PBXGroup;
			children = (
				7AB71CF8204DBE970040B5BF /* FoodTrackerUITests.swift */,
				7AB71CFA204DBE970040B5BF /* Info.plist */,
			);
			path = FoodTrackerUITests;
			sourceTree = "<group>";
		};
/* End PBXGroup section */

/* Begin PBXNativeTarget section */
		7AB71CD1204DBE960040B5BF /* FoodTracker */ = {
			isa = PBXNativeTarget;
			buildConfigurationList = 7AB71CFD204DBE970040B5BF /* Build configuration list for PBXNativeTarget "FoodTracker" */;
			buildPhases = (
				7AB71CCE204DBE960040B5BF /* Sources */,
				7AB71CCF204DBE960040B5BF /* Frameworks */,
				7AB71CD0204DBE960040B5BF /* Resources */,
			);
			buildRules = (
			);
			dependencies = (
			);
			name = FoodTracker;
			productName = FoodTracker;
			productReference = 7AB71CD2204DBE960040B5BF /* FoodTracker.app */;
			productType = "com.apple.product-type.application";
		};
		7AB71CE8204DBE970040B5BF /* FoodTrackerTests */ = {
			isa = PBXNativeTarget;
			buildConfigurationList = 7AB71D00204DBE970040B5BF /* Build configuration list for PBXNativeTarget "FoodTrackerTests" */;
			buildPhases = (
				7AB71CE5204DBE970040B5BF /* Sources */,
				7AB71CE6204DBE970040B5BF /* Frameworks */,
				7AB71CE7204DBE970040B5BF /* Resources */,
			);
			buildRules = (
			);
			dependencies = (
				7AB71CEB204DBE970040B5BF /* PBXTargetDependency */,
			);
			name = FoodTrackerTests;
			productName = FoodTrackerTests;
			productReference = 7AB71CE9204DBE970040B5BF /* FoodTrackerTests.xctest */;
			productType = "com.apple.product-type.bundle.unit-test";
		};
		7AB71CF3204DBE970040B5BF /* FoodTrackerUITests */ = {
			isa = PBXNativeTarget;
			buildConfigurationList = 7AB71D03204DBE970040B5BF /* Build configuration list for PBXNativeTarget "FoodTrackerUITests" */;
			buildPhases = (
				7AB71CF0204DBE970040B5BF /* Sources */,
				7AB71CF1204DBE970040B5BF /* Frameworks */,
				7AB71CF2204DBE970040B5BF /* Resources */,
			);
			buildRules = (
			);
			dependencies = (
				7AB71CF6204DBE970040B5BF /* PBXTargetDependency */,
			);
			name = FoodTrackerUITests;
			productName = FoodTrackerUITests;
			productReference = 7AB71CF4204DBE970040B5BF /* FoodTrackerUITests.xctest */;
			productType = "com.apple.product-type.bundle.ui-testing";
		};
/* End PBXNativeTarget section */

/* Begin PBXProject section */
		7AB71CCA204DBE960040B5BF /* Project object */ = {
			isa = PBXProject;
			attributes = {
				LastSwiftUpdateCheck = 0920;
				LastUpgradeCheck = 0930;
				TargetAttributes = {
					7AB71CD1204DBE960040B5BF = {
						CreatedOnToolsVersion = 9.2;
						LastSwiftMigration = 1010;
						ProvisioningStyle = Manual;
					};
					7AB71CE8204DBE970040B5BF = {
						CreatedOnToolsVersion = 9.2;
						LastSwiftMigration = 1010;
						ProvisioningStyle = Automatic;
						TestTargetID = 7AB71CD1204DBE960040B5BF;
					};
					7AB71CF3204DBE970040B5BF = {
						CreatedOnToolsVersion = 9.2;
						LastSwiftMigration = 1010;
						ProvisioningStyle = Automatic;
						TestTargetID = 7AB71CD1204DBE960040B5BF;
					};
				};
			};
			buildConfigurationList = 7AB71CCD204DBE960040B5BF /* Build configuration list for PBXProject "FoodTracker" */;
			compatibilityVersion = "Xcode 8.0";
			developmentRegion = en;
			hasScannedForEncodings = 0;
			knownRegions = (
				en,
				Base,
			);
			mainGroup = 7AB71CC9204DBE960040B5BF;
			productRefGroup = 7AB71CD3204DBE960040B5BF /* Products */;
			projectDirPath = "";
			projectRoot = "";
			targets = (
				7AB71CD1204DBE960040B5BF /* FoodTracker */,
				7AB71CE8204DBE970040B5BF /* FoodTrackerTests */,
				7AB71CF3204DBE970040B5BF /* FoodTrackerUITests */,
			);
		};
/* End PBXProject section */

/* Begin PBXResourcesBuildPhase section */
		7AB71CD0204DBE960040B5BF /* Resources */ = {
			isa = PBXResourcesBuildPhase;
			buildActionMask = 2147483647;
			files = (
				7AB71CE3204DBE970040B5BF /* LaunchScreen.storyboard in Resources */,
				7AB71CE0204DBE970040B5BF /* Assets.xcassets in Resources */,
				7AB71CDB204DBE970040B5BF /* Main.storyboard in Resources */,
			);
			runOnlyForDeploymentPostprocessing = 0;
		};
		7AB71CE7204DBE970040B5BF /* Resources */ = {
			isa = PBXResourcesBuildPhase;
			buildActionMask = 2147483647;
			files = (
			);
			runOnlyForDeploymentPostprocessing = 0;
		};
		7AB71CF2204DBE970040B5BF /* Resources */ = {
			isa = PBXResourcesBuildPhase;
			buildActionMask = 2147483647;
			files = (
			);
			runOnlyForDeploymentPostprocessing = 0;
		};
/* End PBXResourcesBuildPhase section */

/* Begin PBXSourcesBuildPhase section */
		7AB71CCE204DBE960040B5BF /* Sources */ = {
			isa = PBXSourcesBuildPhase;
			buildActionMask = 2147483647;
			files = (
				7AF5FD4D20977DAD00C7A025 /* Meal.swift in Sources */,
				7A286A88207E76EE00CC7301 /* RatingControl.swift in Sources */,
				7A6D1396209A20F100CDD33D /* MealTableViewController.swift in Sources */,
				7AF5FD4F2098D20D00C7A025 /* MealTableViewCell.swift in Sources */,
				7AB71CD8204DBE970040B5BF /* MealViewController.swift in Sources */,
				7AB71CD6204DBE960040B5BF /* AppDelegate.swift in Sources */,
				7AB71CDE204DBE970040B5BF /* FoodTracker.xcdatamodeld in Sources */,
			);
			runOnlyForDeploymentPostprocessing = 0;
		};
		7AB71CE5204DBE970040B5BF /* Sources */ = {
			isa = PBXSourcesBuildPhase;
			buildActionMask = 2147483647;
			files = (
				7AB71CEE204DBE970040B5BF /* FoodTrackerTests.swift in Sources */,
			);
			runOnlyForDeploymentPostprocessing = 0;
		};
		7AB71CF0204DBE970040B5BF /* Sources */ = {
			isa = PBXSourcesBuildPhase;
			buildActionMask = 2147483647;
			files = (
				7AB71CF9204DBE970040B5BF /* FoodTrackerUITests.swift in Sources */,
			);
			runOnlyForDeploymentPostprocessing = 0;
		};
/* End PBXSourcesBuildPhase section */

/* Begin PBXTargetDependency section */
		7AB71CEB204DBE970040B5BF /* PBXTargetDependency */ = {
			isa = PBXTargetDependency;
			target = 7AB71CD1204DBE960040B5BF /* FoodTracker */;
			targetProxy = 7AB71CEA204DBE970040B5BF /* PBXContainerItemProxy */;
		};
		7AB71CF6204DBE970040B5BF /* PBXTargetDependency */ = {
			isa = PBXTargetDependency;
			target = 7AB71CD1204DBE960040B5BF /* FoodTracker */;
			targetProxy = 7AB71CF5204DBE970040B5BF /* PBXContainerItemProxy */;
		};
/* End PBXTargetDependency section */

/* Begin PBXVariantGroup section */
		7AB71CD9204DBE970040B5BF /* Main.storyboard */ = {
			isa = PBXVariantGroup;
			children = (
				7AB71CDA204DBE970040B5BF /* Base */,
			);
			name = Main.storyboard;
			sourceTree = "<group>";
		};
		7AB71CE1204DBE970040B5BF /* LaunchScreen.storyboard */ = {
			isa = PBXVariantGroup;
			children = (
				7AB71CE2204DBE970040B5BF /* Base */,
			);
			name = LaunchScreen.storyboard;
			sourceTree = "<group>";
		};
/* End PBXVariantGroup section */

/* Begin XCBuildConfiguration section */
		7AB71CFB204DBE970040B5BF /* Debug */ = {
			isa = XCBuildConfiguration;
			buildSettings = {
				ALWAYS_SEARCH_USER_PATHS = NO;
				CLANG_ANALYZER_NONNULL = YES;
				CLANG_ANALYZER_NUMBER_OBJECT_CONVERSION = YES_AGGRESSIVE;
				CLANG_CXX_LANGUAGE_STANDARD = "gnu++14";
				CLANG_CXX_LIBRARY = "libc++";
				CLANG_ENABLE_MODULES = YES;
				CLANG_ENABLE_OBJC_ARC = YES;
				CLANG_WARN_BLOCK_CAPTURE_AUTORELEASING = YES;
				CLANG_WARN_BOOL_CONVERSION = YES;
				CLANG_WARN_COMMA = YES;
				CLANG_WARN_CONSTANT_CONVERSION = YES;
				CLANG_WARN_DEPRECATED_OBJC_IMPLEMENTATIONS = YES;
				CLANG_WARN_DIRECT_OBJC_ISA_USAGE = YES_ERROR;
				CLANG_WARN_DOCUMENTATION_COMMENTS = YES;
				CLANG_WARN_EMPTY_BODY = YES;
				CLANG_WARN_ENUM_CONVERSION = YES;
				CLANG_WARN_INFINITE_RECURSION = YES;
				CLANG_WARN_INT_CONVERSION = YES;
				CLANG_WARN_NON_LITERAL_NULL_CONVERSION = YES;
				CLANG_WARN_OBJC_IMPLICIT_RETAIN_SELF = YES;
				CLANG_WARN_OBJC_LITERAL_CONVERSION = YES;
				CLANG_WARN_OBJC_ROOT_CLASS = YES_ERROR;
				CLANG_WARN_RANGE_LOOP_ANALYSIS = YES;
				CLANG_WARN_STRICT_PROTOTYPES = YES;
				CLANG_WARN_SUSPICIOUS_MOVE = YES;
				CLANG_WARN_UNGUARDED_AVAILABILITY = YES_AGGRESSIVE;
				CLANG_WARN_UNREACHABLE_CODE = YES;
				CLANG_WARN__DUPLICATE_METHOD_MATCH = YES;
				CODE_SIGN_IDENTITY = "iPhone Developer";
				COPY_PHASE_STRIP = NO;
				DEBUG_INFORMATION_FORMAT = dwarf;
				ENABLE_STRICT_OBJC_MSGSEND = YES;
				ENABLE_TESTABILITY = YES;
				GCC_C_LANGUAGE_STANDARD = gnu11;
				GCC_DYNAMIC_NO_PIC = NO;
				GCC_NO_COMMON_BLOCKS = YES;
				GCC_OPTIMIZATION_LEVEL = 0;
				GCC_PREPROCESSOR_DEFINITIONS = (
					"DEBUG=1",
					"$(inherited)",
				);
				GCC_WARN_64_TO_32_BIT_CONVERSION = YES;
				GCC_WARN_ABOUT_RETURN_TYPE = YES_ERROR;
				GCC_WARN_UNDECLARED_SELECTOR = YES;
				GCC_WARN_UNINITIALIZED_AUTOS = YES_AGGRESSIVE;
				GCC_WARN_UNUSED_FUNCTION = YES;
				GCC_WARN_UNUSED_VARIABLE = YES;
				IPHONEOS_DEPLOYMENT_TARGET = 11.2;
				MTL_ENABLE_DEBUG_INFO = YES;
				ONLY_ACTIVE_ARCH = YES;
				SDKROOT = iphoneos;
				SWIFT_ACTIVE_COMPILATION_CONDITIONS = DEBUG;
				SWIFT_OPTIMIZATION_LEVEL = "-Onone";
			};
			name = Debug;
		};
		7AB71CFC204DBE970040B5BF /* Release */ = {
			isa = XCBuildConfiguration;
			buildSettings = {
				ALWAYS_SEARCH_USER_PATHS = NO;
				CLANG_ANALYZER_NONNULL = YES;
				CLANG_ANALYZER_NUMBER_OBJECT_CONVERSION = YES_AGGRESSIVE;
				CLANG_CXX_LANGUAGE_STANDARD = "gnu++14";
				CLANG_CXX_LIBRARY = "libc++";
				CLANG_ENABLE_MODULES = YES;
				CLANG_ENABLE_OBJC_ARC = YES;
				CLANG_WARN_BLOCK_CAPTURE_AUTORELEASING = YES;
				CLANG_WARN_BOOL_CONVERSION = YES;
				CLANG_WARN_COMMA = YES;
				CLANG_WARN_CONSTANT_CONVERSION = YES;
				CLANG_WARN_DEPRECATED_OBJC_IMPLEMENTATIONS = YES;
				CLANG_WARN_DIRECT_OBJC_ISA_USAGE = YES_ERROR;
				CLANG_WARN_DOCUMENTATION_COMMENTS = YES;
				CLANG_WARN_EMPTY_BODY = YES;
				CLANG_WARN_ENUM_CONVERSION = YES;
				CLANG_WARN_INFINITE_RECURSION = YES;
				CLANG_WARN_INT_CONVERSION = YES;
				CLANG_WARN_NON_LITERAL_NULL_CONVERSION = YES;
				CLANG_WARN_OBJC_IMPLICIT_RETAIN_SELF = YES;
				CLANG_WARN_OBJC_LITERAL_CONVERSION = YES;
				CLANG_WARN_OBJC_ROOT_CLASS = YES_ERROR;
				CLANG_WARN_RANGE_LOOP_ANALYSIS = YES;
				CLANG_WARN_STRICT_PROTOTYPES = YES;
				CLANG_WARN_SUSPICIOUS_MOVE = YES;
				CLANG_WARN_UNGUARDED_AVAILABILITY = YES_AGGRESSIVE;
				CLANG_WARN_UNREACHABLE_CODE = YES;
				CLANG_WARN__DUPLICATE_METHOD_MATCH = YES;
				CODE_SIGN_IDENTITY = "iPhone Developer";
				COPY_PHASE_STRIP = NO;
				DEBUG_INFORMATION_FORMAT = "dwarf-with-dsym";
				ENABLE_NS_ASSERTIONS = NO;
				ENABLE_STRICT_OBJC_MSGSEND = YES;
				GCC_C_LANGUAGE_STANDARD = gnu11;
				GCC_NO_COMMON_BLOCKS = YES;
				GCC_WARN_64_TO_32_BIT_CONVERSION = YES;
				GCC_WARN_ABOUT_RETURN_TYPE = YES_ERROR;
				GCC_WARN_UNDECLARED_SELECTOR = YES;
				GCC_WARN_UNINITIALIZED_AUTOS = YES_AGGRESSIVE;
				GCC_WARN_UNUSED_FUNCTION = YES;
				GCC_WARN_UNUSED_VARIABLE = YES;
				IPHONEOS_DEPLOYMENT_TARGET = 11.2;
				MTL_ENABLE_DEBUG_INFO = NO;
				SDKROOT = iphoneos;
				SWIFT_OPTIMIZATION_LEVEL = "-Owholemodule";
				VALIDATE_PRODUCT = YES;
			};
			name = Release;
		};
		7AB71CFE204DBE970040B5BF /* Debug */ = {
			isa = XCBuildConfiguration;
			buildSettings = {
				ASSETCATALOG_COMPILER_APPICON_NAME = AppIcon;
				CODE_SIGN_STYLE = Manual;
				DEVELOPMENT_TEAM = "";
				INFOPLIST_FILE = FoodTracker/Info.plist;
				LD_RUNPATH_SEARCH_PATHS = "$(inherited) @executable_path/Frameworks";
				PRODUCT_BUNDLE_IDENTIFIER = com.example.FoodTracker;
				PRODUCT_NAME = "$(TARGET_NAME)";
				PROVISIONING_PROFILE_SPECIFIER = "";
				SWIFT_VERSION = 4.2;
				TARGETED_DEVICE_FAMILY = "1,2";
			};
			name = Debug;
		};
		7AB71CFF204DBE970040B5BF /* Release */ = {
			isa = XCBuildConfiguration;
			buildSettings = {
				ASSETCATALOG_COMPILER_APPICON_NAME = AppIcon;
				CODE_SIGN_STYLE = Manual;
				DEVELOPMENT_TEAM = "";
				INFOPLIST_FILE = FoodTracker/Info.plist;
				LD_RUNPATH_SEARCH_PATHS = "$(inherited) @executable_path/Frameworks";
				PRODUCT_BUNDLE_IDENTIFIER = com.example.FoodTracker;
				PRODUCT_NAME = "$(TARGET_NAME)";
				PROVISIONING_PROFILE_SPECIFIER = "";
				SWIFT_VERSION = 4.2;
				TARGETED_DEVICE_FAMILY = "1,2";
			};
			name = Release;
		};
		7AB71D01204DBE970040B5BF /* Debug */ = {
			isa = XCBuildConfiguration;
			buildSettings = {
				ALWAYS_EMBED_SWIFT_STANDARD_LIBRARIES = YES;
				BUNDLE_LOADER = "$(TEST_HOST)";
				CODE_SIGN_STYLE = Automatic;
				INFOPLIST_FILE = FoodTrackerTests/Info.plist;
				LD_RUNPATH_SEARCH_PATHS = "$(inherited) @executable_path/Frameworks @loader_path/Frameworks";
				PRODUCT_BUNDLE_IDENTIFIER = com.example.FoodTrackerTests;
				PRODUCT_NAME = "$(TARGET_NAME)";
				SWIFT_VERSION = 4.2;
				TARGETED_DEVICE_FAMILY = "1,2";
				TEST_HOST = "$(BUILT_PRODUCTS_DIR)/FoodTracker.app/FoodTracker";
			};
			name = Debug;
		};
		7AB71D02204DBE970040B5BF /* Release */ = {
			isa = XCBuildConfiguration;
			buildSettings = {
				ALWAYS_EMBED_SWIFT_STANDARD_LIBRARIES = YES;
				BUNDLE_LOADER = "$(TEST_HOST)";
				CODE_SIGN_STYLE = Automatic;
				INFOPLIST_FILE = FoodTrackerTests/Info.plist;
				LD_RUNPATH_SEARCH_PATHS = "$(inherited) @executable_path/Frameworks @loader_path/Frameworks";
				PRODUCT_BUNDLE_IDENTIFIER = com.example.FoodTrackerTests;
				PRODUCT_NAME = "$(TARGET_NAME)";
				SWIFT_VERSION = 4.2;
				TARGETED_DEVICE_FAMILY = "1,2";
				TEST_HOST = "$(BUILT_PRODUCTS_DIR)/FoodTracker.app/FoodTracker";
			};
			name = Release;
		};
		7AB71D04204DBE970040B5BF /* Debug */ = {
			isa = XCBuildConfiguration;
			buildSettings = {
				ALWAYS_EMBED_SWIFT_STANDARD_LIBRARIES = YES;
				CODE_SIGN_STYLE = Automatic;
				INFOPLIST_FILE = FoodTrackerUITests/Info.plist;
				LD_RUNPATH_SEARCH_PATHS = "$(inherited) @executable_path/Frameworks @loader_path/Frameworks";
				PRODUCT_BUNDLE_IDENTIFIER = com.example.FoodTrackerUITests;
				PRODUCT_NAME = "$(TARGET_NAME)";
				SWIFT_VERSION = 4.2;
				TARGETED_DEVICE_FAMILY = "1,2";
				TEST_TARGET_NAME = FoodTracker;
			};
			name = Debug;
		};
		7AB71D05204DBE970040B5BF /* Release */ = {
			isa = XCBuildConfiguration;
			buildSettings = {
				ALWAYS_EMBED_SWIFT_STANDARD_LIBRARIES = YES;
				CODE_SIGN_STYLE = Automatic;
				INFOPLIST_FILE = FoodTrackerUITests/Info.plist;
				LD_RUNPATH_SEARCH_PATHS = "$(inherited) @executable_path/Frameworks @loader_path/Frameworks";
				PRODUCT_BUNDLE_IDENTIFIER = com.example.FoodTrackerUITests;
				PRODUCT_NAME = "$(TARGET_NAME)";
				SWIFT_VERSION = 4.2;
				TARGETED_DEVICE_FAMILY = "1,2";
				TEST_TARGET_NAME = FoodTracker;
			};
			name = Release;
		};
/* End XCBuildConfiguration section */

/* Begin XCConfigurationList section */
		7AB71CCD204DBE960040B5BF /* Build configuration list for PBXProject "FoodTracker" */ = {
			isa = XCConfigurationList;
			buildConfigurations = (
				7AB71CFB204DBE970040B5BF /* Debug */,
				7AB71CFC204DBE970040B5BF /* Release */,
			);
			defaultConfigurationIsVisible = 0;
			defaultConfigurationName = Release;
		};
		7AB71CFD204DBE970040B5BF /* Build configuration list for PBXNativeTarget "FoodTracker" */ = {
			isa = XCConfigurationList;
			buildConfigurations = (
				7AB71CFE204DBE970040B5BF /* Debug */,
				7AB71CFF204DBE970040B5BF /* Release */,
			);
			defaultConfigurationIsVisible = 0;
			defaultConfigurationName = Release;
		};
		7AB71D00204DBE970040B5BF /* Build configuration list for PBXNativeTarget "FoodTrackerTests" */ = {
			isa = XCConfigurationList;
			buildConfigurations = (
				7AB71D01204DBE970040B5BF /* Debug */,
				7AB71D02204DBE970040B5BF /* Release */,
			);
			defaultConfigurationIsVisible = 0;
			defaultConfigurationName = Release;
		};
		7AB71D03204DBE970040B5BF /* Build configuration list for PBXNativeTarget "FoodTrackerUITests" */ = {
			isa = XCConfigurationList;
			buildConfigurations = (
				7AB71D04204DBE970040B5BF /* Debug */,
				7AB71D05204DBE970040B5BF /* Release */,
			);
			defaultConfigurationIsVisible = 0;
			defaultConfigurationName = Release;
		};
/* End XCConfigurationList section */

/* Begin XCVersionGroup section */
		7AB71CDC204DBE970040B5BF /* FoodTracker.xcdatamodeld */ = {
			isa = XCVersionGroup;
			children = (
				7AB71CDD204DBE970040B5BF /* FoodTracker.xcdatamodel */,
			);
			currentVersion = 7AB71CDD204DBE970040B5BF /* FoodTracker.xcdatamodel */;
			path = FoodTracker.xcdatamodeld;
			sourceTree = "<group>";
			versionGroupType = wrapper.xcdatamodel;
		};
/* End XCVersionGroup section */
	};
	rootObject = 7AB71CCA204DBE960040B5BF /* Project object */;
}
